// !$*UTF8*$!
{
	archiveVersion = 1;
	classes = {
	};
	objectVersion = 77;
	objects = {

/* Begin PBXBuildFile section */
		1E359E6F2E8958AC00126BEF /* XtionPluginApp.swift in Sources */ = {isa = PBXBuildFile; fileRef = 1E359E6C2E8958AC00126BEF /* XtionPluginApp.swift */; };
		1E359E702E8958AC00126BEF /* Assets.xcassets in Resources */ = {isa = PBXBuildFile; fileRef = 1E359E6A2E8958AC00126BEF /* Assets.xcassets */; };
		1E359E762E8959BA00126BEF /* KeySpy.swift in Sources */ = {isa = PBXBuildFile; fileRef = 1E359E752E8959BA00126BEF /* KeySpy.swift */; };
		1E359E7A2E8959F600126BEF /* AppDelegate.swift in Sources */ = {isa = PBXBuildFile; fileRef = 1E359E792E8959F600126BEF /* AppDelegate.swift */; };
		1E359E842E895DCE00126BEF /* AudioController.swift in Sources */ = {isa = PBXBuildFile; fileRef = 1E359E832E895DCE00126BEF /* AudioController.swift */; };
		1E48A9B42E8ABF51005B14CB /* DistortionController.swift in Sources */ = {isa = PBXBuildFile; fileRef = 1E48A9B32E8ABF51005B14CB /* DistortionController.swift */; };
		1EEAAD222E8AC3AF00D74619 /* Shaders.metal in Sources */ = {isa = PBXBuildFile; fileRef = 1EEAAD212E8AC3AF00D74619 /* Shaders.metal */; };
/* End PBXBuildFile section */

/* Begin PBXFileReference section */
		1E359E5C2E89569A00126BEF /* Xtion-plugin.app */ = {isa = PBXFileReference; explicitFileType = wrapper.application; includeInIndex = 0; path = "Xtion-plugin.app"; sourceTree = BUILT_PRODUCTS_DIR; };
		1E359E6A2E8958AC00126BEF /* Assets.xcassets */ = {isa = PBXFileReference; lastKnownFileType = folder.assetcatalog; path = Assets.xcassets; sourceTree = "<group>"; };
		1E359E6C2E8958AC00126BEF /* XtionPluginApp.swift */ = {isa = PBXFileReference; lastKnownFileType = sourcecode.swift; path = XtionPluginApp.swift; sourceTree = "<group>"; };
		1E359E752E8959BA00126BEF /* KeySpy.swift */ = {isa = PBXFileReference; lastKnownFileType = sourcecode.swift; path = KeySpy.swift; sourceTree = "<group>"; };
		1E359E792E8959F600126BEF /* AppDelegate.swift */ = {isa = PBXFileReference; lastKnownFileType = sourcecode.swift; path = AppDelegate.swift; sourceTree = "<group>"; };
		1E359E832E895DCE00126BEF /* AudioController.swift */ = {isa = PBXFileReference; lastKnownFileType = sourcecode.swift; path = AudioController.swift; sourceTree = "<group>"; };
		1E48A9B32E8ABF51005B14CB /* DistortionController.swift */ = {isa = PBXFileReference; lastKnownFileType = sourcecode.swift; path = DistortionController.swift; sourceTree = "<group>"; };
		1EA310D32E8ABCB000336263 /* Info.plist */ = {isa = PBXFileReference; lastKnownFileType = text.plist.xml; path = Info.plist; sourceTree = "<group>"; };
		1EEAAD212E8AC3AF00D74619 /* Shaders.metal */ = {isa = PBXFileReference; lastKnownFileType = sourcecode.metal; path = Shaders.metal; sourceTree = "<group>"; };
/* End PBXFileReference section */

/* Begin PBXFrameworksBuildPhase section */
		1E359E592E89569A00126BEF /* Frameworks */ = {
			isa = PBXFrameworksBuildPhase;
			buildActionMask = 2147483647;
			files = (
			);
			runOnlyForDeploymentPostprocessing = 0;
		};
/* End PBXFrameworksBuildPhase section */

/* Begin PBXGroup section */
		1E359E532E89569A00126BEF = {
			isa = PBXGroup;
			children = (
				1E359E6D2E8958AC00126BEF /* Xtion-plugin */,
				1E359E5D2E89569A00126BEF /* Products */,
			);
			sourceTree = "<group>";
		};
		1E359E5D2E89569A00126BEF /* Products */ = {
			isa = PBXGroup;
			children = (
				1E359E5C2E89569A00126BEF /* Xtion-plugin.app */,
			);
			name = Products;
			sourceTree = "<group>";
		};
		1E359E6D2E8958AC00126BEF /* Xtion-plugin */ = {
			isa = PBXGroup;
			children = (
				1E359E782E8959E400126BEF /* App */,
				1E359E772E8959DA00126BEF /* Module */,
			);
			path = "Xtion-plugin";
			sourceTree = "<group>";
		};
		1E359E772E8959DA00126BEF /* Module */ = {
			isa = PBXGroup;
			children = (
				1E359E752E8959BA00126BEF /* KeySpy.swift */,
				1E48A9B32E8ABF51005B14CB /* DistortionController.swift */,
				1E359E832E895DCE00126BEF /* AudioController.swift */,
			);
			path = Module;
			sourceTree = "<group>";
		};
		1E359E782E8959E400126BEF /* App */ = {
			isa = PBXGroup;
			children = (
				1EA310D32E8ABCB000336263 /* Info.plist */,
				1E359E6A2E8958AC00126BEF /* Assets.xcassets */,
				1E359E6C2E8958AC00126BEF /* XtionPluginApp.swift */,
				1E359E792E8959F600126BEF /* AppDelegate.swift */,
				1EEAAD212E8AC3AF00D74619 /* Shaders.metal */,
			);
			path = App;
			sourceTree = "<group>";
		};
/* End PBXGroup section */

/* Begin PBXNativeTarget section */
		1E359E5B2E89569A00126BEF /* Xtion-plugin */ = {
			isa = PBXNativeTarget;
			buildConfigurationList = 1E359E672E89569D00126BEF /* Build configuration list for PBXNativeTarget "Xtion-plugin" */;
			buildPhases = (
				1E359E582E89569A00126BEF /* Sources */,
				1E359E592E89569A00126BEF /* Frameworks */,
				1E359E5A2E89569A00126BEF /* Resources */,
			);
			buildRules = (
			);
			dependencies = (
			);
			name = "Xtion-plugin";
			packageProductDependencies = (
			);
			productName = "Xtion-plugin";
			productReference = 1E359E5C2E89569A00126BEF /* Xtion-plugin.app */;
			productType = "com.apple.product-type.application";
		};
/* End PBXNativeTarget section */

/* Begin PBXProject section */
		1E359E542E89569A00126BEF /* Project object */ = {
			isa = PBXProject;
			attributes = {
				BuildIndependentTargetsInParallel = 1;
				LastSwiftUpdateCheck = 2600;
				LastUpgradeCheck = 2600;
				TargetAttributes = {
					1E359E5B2E89569A00126BEF = {
						CreatedOnToolsVersion = 26.0.1;
					};
				};
			};
			buildConfigurationList = 1E359E572E89569A00126BEF /* Build configuration list for PBXProject "Xtion-plugin" */;
			developmentRegion = en;
			hasScannedForEncodings = 0;
			knownRegions = (
				en,
				Base,
			);
			mainGroup = 1E359E532E89569A00126BEF;
			minimizedProjectReferenceProxies = 1;
			preferredProjectObjectVersion = 77;
			productRefGroup = 1E359E5D2E89569A00126BEF /* Products */;
			projectDirPath = "";
			projectRoot = "";
			targets = (
				1E359E5B2E89569A00126BEF /* Xtion-plugin */,
			);
		};
/* End PBXProject section */

/* Begin PBXResourcesBuildPhase section */
		1E359E5A2E89569A00126BEF /* Resources */ = {
			isa = PBXResourcesBuildPhase;
			buildActionMask = 2147483647;
			files = (
				1E359E702E8958AC00126BEF /* Assets.xcassets in Resources */,
			);
			runOnlyForDeploymentPostprocessing = 0;
		};
/* End PBXResourcesBuildPhase section */

/* Begin PBXSourcesBuildPhase section */
		1E359E582E89569A00126BEF /* Sources */ = {
			isa = PBXSourcesBuildPhase;
			buildActionMask = 2147483647;
			files = (
				1EEAAD222E8AC3AF00D74619 /* Shaders.metal in Sources */,
				1E359E842E895DCE00126BEF /* AudioController.swift in Sources */,
				1E359E7A2E8959F600126BEF /* AppDelegate.swift in Sources */,
				1E48A9B42E8ABF51005B14CB /* DistortionController.swift in Sources */,
				1E359E6F2E8958AC00126BEF /* XtionPluginApp.swift in Sources */,
				1E359E762E8959BA00126BEF /* KeySpy.swift in Sources */,
			);
			runOnlyForDeploymentPostprocessing = 0;
		};
/* End PBXSourcesBuildPhase section */

/* Begin XCBuildConfiguration section */
		1E359E652E89569D00126BEF /* Debug */ = {
			isa = XCBuildConfiguration;
			buildSettings = {
				ALWAYS_SEARCH_USER_PATHS = NO;
				ASSETCATALOG_COMPILER_GENERATE_SWIFT_ASSET_SYMBOL_EXTENSIONS = YES;
				CLANG_ANALYZER_NONNULL = YES;
				CLANG_ANALYZER_NUMBER_OBJECT_CONVERSION = YES_AGGRESSIVE;
				CLANG_CXX_LANGUAGE_STANDARD = "gnu++20";
				CLANG_ENABLE_MODULES = YES;
				CLANG_ENABLE_OBJC_ARC = YES;
				CLANG_ENABLE_OBJC_WEAK = YES;
				CLANG_WARN_BLOCK_CAPTURE_AUTORELEASING = YES;
				CLANG_WARN_BOOL_CONVERSION = YES;
				CLANG_WARN_COMMA = YES;
				CLANG_WARN_CONSTANT_CONVERSION = YES;
				CLANG_WARN_DEPRECATED_OBJC_IMPLEMENTATIONS = YES;
				CLANG_WARN_DIRECT_OBJC_ISA_USAGE = YES_ERROR;
				CLANG_WARN_DOCUMENTATION_COMMENTS = YES;
				CLANG_WARN_EMPTY_BODY = YES;
				CLANG_WARN_ENUM_CONVERSION = YES;
				CLANG_WARN_INFINITE_RECURSION = YES;
				CLANG_WARN_INT_CONVERSION = YES;
				CLANG_WARN_NON_LITERAL_NULL_CONVERSION = YES;
				CLANG_WARN_OBJC_IMPLICIT_RETAIN_SELF = YES;
				CLANG_WARN_OBJC_LITERAL_CONVERSION = YES;
				CLANG_WARN_OBJC_ROOT_CLASS = YES_ERROR;
				CLANG_WARN_QUOTED_INCLUDE_IN_FRAMEWORK_HEADER = YES;
				CLANG_WARN_RANGE_LOOP_ANALYSIS = YES;
				CLANG_WARN_STRICT_PROTOTYPES = YES;
				CLANG_WARN_SUSPICIOUS_MOVE = YES;
				CLANG_WARN_UNGUARDED_AVAILABILITY = YES_AGGRESSIVE;
				CLANG_WARN_UNREACHABLE_CODE = YES;
				CLANG_WARN__DUPLICATE_METHOD_MATCH = YES;
				COPY_PHASE_STRIP = NO;
				DEBUG_INFORMATION_FORMAT = dwarf;
				DEVELOPMENT_TEAM = PAB5H8N268;
				ENABLE_STRICT_OBJC_MSGSEND = YES;
				ENABLE_TESTABILITY = YES;
				ENABLE_USER_SCRIPT_SANDBOXING = YES;
				GCC_C_LANGUAGE_STANDARD = gnu17;
				GCC_DYNAMIC_NO_PIC = NO;
				GCC_NO_COMMON_BLOCKS = YES;
				GCC_OPTIMIZATION_LEVEL = 0;
				GCC_PREPROCESSOR_DEFINITIONS = (
					"DEBUG=1",
					"$(inherited)",
				);
				GCC_WARN_64_TO_32_BIT_CONVERSION = YES;
				GCC_WARN_ABOUT_RETURN_TYPE = YES_ERROR;
				GCC_WARN_UNDECLARED_SELECTOR = YES;
				GCC_WARN_UNINITIALIZED_AUTOS = YES_AGGRESSIVE;
				GCC_WARN_UNUSED_FUNCTION = YES;
				GCC_WARN_UNUSED_VARIABLE = YES;
				LOCALIZATION_PREFERS_STRING_CATALOGS = YES;
				MACOSX_DEPLOYMENT_TARGET = 26.0;
				MTL_ENABLE_DEBUG_INFO = INCLUDE_SOURCE;
				MTL_FAST_MATH = YES;
				ONLY_ACTIVE_ARCH = YES;
				SDKROOT = macosx;
				SWIFT_ACTIVE_COMPILATION_CONDITIONS = "DEBUG $(inherited)";
				SWIFT_OPTIMIZATION_LEVEL = "-Onone";
			};
			name = Debug;
		};
		1E359E662E89569D00126BEF /* Release */ = {
			isa = XCBuildConfiguration;
			buildSettings = {
				ALWAYS_SEARCH_USER_PATHS = NO;
				ASSETCATALOG_COMPILER_GENERATE_SWIFT_ASSET_SYMBOL_EXTENSIONS = YES;
				CLANG_ANALYZER_NONNULL = YES;
				CLANG_ANALYZER_NUMBER_OBJECT_CONVERSION = YES_AGGRESSIVE;
				CLANG_CXX_LANGUAGE_STANDARD = "gnu++20";
				CLANG_ENABLE_MODULES = YES;
				CLANG_ENABLE_OBJC_ARC = YES;
				CLANG_ENABLE_OBJC_WEAK = YES;
				CLANG_WARN_BLOCK_CAPTURE_AUTORELEASING = YES;
				CLANG_WARN_BOOL_CONVERSION = YES;
				CLANG_WARN_COMMA = YES;
				CLANG_WARN_CONSTANT_CONVERSION = YES;
				CLANG_WARN_DEPRECATED_OBJC_IMPLEMENTATIONS = YES;
				CLANG_WARN_DIRECT_OBJC_ISA_USAGE = YES_ERROR;
				CLANG_WARN_DOCUMENTATION_COMMENTS = YES;
				CLANG_WARN_EMPTY_BODY = YES;
				CLANG_WARN_ENUM_CONVERSION = YES;
				CLANG_WARN_INFINITE_RECURSION = YES;
				CLANG_WARN_INT_CONVERSION = YES;
				CLANG_WARN_NON_LITERAL_NULL_CONVERSION = YES;
				CLANG_WARN_OBJC_IMPLICIT_RETAIN_SELF = YES;
				CLANG_WARN_OBJC_LITERAL_CONVERSION = YES;
				CLANG_WARN_OBJC_ROOT_CLASS = YES_ERROR;
				CLANG_WARN_QUOTED_INCLUDE_IN_FRAMEWORK_HEADER = YES;
				CLANG_WARN_RANGE_LOOP_ANALYSIS = YES;
				CLANG_WARN_STRICT_PROTOTYPES = YES;
				CLANG_WARN_SUSPICIOUS_MOVE = YES;
				CLANG_WARN_UNGUARDED_AVAILABILITY = YES_AGGRESSIVE;
				CLANG_WARN_UNREACHABLE_CODE = YES;
				CLANG_WARN__DUPLICATE_METHOD_MATCH = YES;
				COPY_PHASE_STRIP = NO;
				DEBUG_INFORMATION_FORMAT = "dwarf-with-dsym";
				DEVELOPMENT_TEAM = PAB5H8N268;
				ENABLE_NS_ASSERTIONS = NO;
				ENABLE_STRICT_OBJC_MSGSEND = YES;
				ENABLE_USER_SCRIPT_SANDBOXING = YES;
				GCC_C_LANGUAGE_STANDARD = gnu17;
				GCC_NO_COMMON_BLOCKS = YES;
				GCC_WARN_64_TO_32_BIT_CONVERSION = YES;
				GCC_WARN_ABOUT_RETURN_TYPE = YES_ERROR;
				GCC_WARN_UNDECLARED_SELECTOR = YES;
				GCC_WARN_UNINITIALIZED_AUTOS = YES_AGGRESSIVE;
				GCC_WARN_UNUSED_FUNCTION = YES;
				GCC_WARN_UNUSED_VARIABLE = YES;
				LOCALIZATION_PREFERS_STRING_CATALOGS = YES;
				MACOSX_DEPLOYMENT_TARGET = 26.0;
				MTL_ENABLE_DEBUG_INFO = NO;
				MTL_FAST_MATH = YES;
				SDKROOT = macosx;
				SWIFT_COMPILATION_MODE = wholemodule;
			};
			name = Release;
		};
		1E359E682E89569D00126BEF /* Debug */ = {
			isa = XCBuildConfiguration;
			buildSettings = {
				ASSETCATALOG_COMPILER_APPICON_NAME = AppIcon;
				ASSETCATALOG_COMPILER_GLOBAL_ACCENT_COLOR_NAME = AccentColor;
				CODE_SIGN_STYLE = Automatic;
				COMBINE_HIDPI_IMAGES = YES;
				CURRENT_PROJECT_VERSION = 1;
				DEVELOPMENT_TEAM = PAB5H8N268;
				ENABLE_APP_SANDBOX = YES;
				ENABLE_HARDENED_RUNTIME = YES;
				ENABLE_PREVIEWS = YES;
				ENABLE_USER_SELECTED_FILES = readonly;
				GENERATE_INFOPLIST_FILE = YES;
				INFOPLIST_FILE = "Xtion-plugin/App/Info.plist";
				INFOPLIST_KEY_NSHumanReadableCopyright = "";
				LD_RUNPATH_SEARCH_PATHS = (
					"$(inherited)",
					"@executable_path/../Frameworks",
				);
				MARKETING_VERSION = 1.0;
				PRODUCT_BUNDLE_IDENTIFIER = "com.gh.Xtion-plugin";
				PRODUCT_NAME = "$(TARGET_NAME)";
				REGISTER_APP_GROUPS = YES;
				STRING_CATALOG_GENERATE_SYMBOLS = YES;
				SWIFT_APPROACHABLE_CONCURRENCY = YES;
				SWIFT_DEFAULT_ACTOR_ISOLATION = MainActor;
				SWIFT_EMIT_LOC_STRINGS = YES;
				SWIFT_UPCOMING_FEATURE_MEMBER_IMPORT_VISIBILITY = YES;
				SWIFT_VERSION = 5.0;
			};
			name = Debug;
		};
		1E359E692E89569D00126BEF /* Release */ = {
			isa = XCBuildConfiguration;
			buildSettings = {
				ASSETCATALOG_COMPILER_APPICON_NAME = AppIcon;
				ASSETCATALOG_COMPILER_GLOBAL_ACCENT_COLOR_NAME = AccentColor;
				CODE_SIGN_STYLE = Automatic;
				COMBINE_HIDPI_IMAGES = YES;
				CURRENT_PROJECT_VERSION = 1;
				DEVELOPMENT_TEAM = PAB5H8N268;
				ENABLE_APP_SANDBOX = YES;
				ENABLE_HARDENED_RUNTIME = YES;
				ENABLE_PREVIEWS = YES;
				ENABLE_USER_SELECTED_FILES = readonly;
				GENERATE_INFOPLIST_FILE = YES;
				INFOPLIST_FILE = "Xtion-plugin/App/Info.plist";
				INFOPLIST_KEY_NSHumanReadableCopyright = "";
				LD_RUNPATH_SEARCH_PATHS = (
					"$(inherited)",
					"@executable_path/../Frameworks",
				);
				MARKETING_VERSION = 1.0;
				PRODUCT_BUNDLE_IDENTIFIER = "com.gh.Xtion-plugin";
				PRODUCT_NAME = "$(TARGET_NAME)";
				REGISTER_APP_GROUPS = YES;
				STRING_CATALOG_GENERATE_SYMBOLS = YES;
				SWIFT_APPROACHABLE_CONCURRENCY = YES;
				SWIFT_DEFAULT_ACTOR_ISOLATION = MainActor;
				SWIFT_EMIT_LOC_STRINGS = YES;
				SWIFT_UPCOMING_FEATURE_MEMBER_IMPORT_VISIBILITY = YES;
				SWIFT_VERSION = 5.0;
			};
			name = Release;
		};
/* End XCBuildConfiguration section */

/* Begin XCConfigurationList section */
		1E359E572E89569A00126BEF /* Build configuration list for PBXProject "Xtion-plugin" */ = {
			isa = XCConfigurationList;
			buildConfigurations = (
				1E359E652E89569D00126BEF /* Debug */,
				1E359E662E89569D00126BEF /* Release */,
			);
			defaultConfigurationIsVisible = 0;
			defaultConfigurationName = Release;
		};
		1E359E672E89569D00126BEF /* Build configuration list for PBXNativeTarget "Xtion-plugin" */ = {
			isa = XCConfigurationList;
			buildConfigurations = (
				1E359E682E89569D00126BEF /* Debug */,
				1E359E692E89569D00126BEF /* Release */,
			);
			defaultConfigurationIsVisible = 0;
			defaultConfigurationName = Release;
		};
/* End XCConfigurationList section */
	};
	rootObject = 1E359E542E89569A00126BEF /* Project object */;
}
