// !$*UTF8*$!
{
	archiveVersion = 1;
	classes = {
	};
	objectVersion = 77;
	objects = {

/* Begin PBXBuildFile section */
		1E030BCF2E9118E8004AC902 /* Renderer.swift in Sources */ = {isa = PBXBuildFile; fileRef = 1E030BCE2E9118E8004AC902 /* Renderer.swift */; };
		1E030BD12E912511004AC902 /* EffectSession.swift in Sources */ = {isa = PBXBuildFile; fileRef = 1E030BD02E912511004AC902 /* EffectSession.swift */; };
		1E030BD42E912545004AC902 /* Enumerate.swift in Sources */ = {isa = PBXBuildFile; fileRef = 1E030BD32E912545004AC902 /* Enumerate.swift */; };
		1E030BD62E91256D004AC902 /* EffectManager.swift in Sources */ = {isa = PBXBuildFile; fileRef = 1E030BD52E91256D004AC902 /* EffectManager.swift */; };
		1E030BE02E91265C004AC902 /* Vertex.metal in Sources */ = {isa = PBXBuildFile; fileRef = 1E030BDF2E91265C004AC902 /* Vertex.metal */; };
		1E030BE22E912662004AC902 /* GlitchWave.metal in Sources */ = {isa = PBXBuildFile; fileRef = 1E030BE12E912662004AC902 /* GlitchWave.metal */; };
		1E030BE42E9126A4004AC902 /* Common.metal in Sources */ = {isa = PBXBuildFile; fileRef = 1E030BE32E9126A4004AC902 /* Common.metal */; };
		1E030BE62E9127CE004AC902 /* HeartbeatGlow.metal in Sources */ = {isa = PBXBuildFile; fileRef = 1E030BE52E9127CE004AC902 /* HeartbeatGlow.metal */; };
		1E030BE82E912980004AC902 /* SnowStatic.metal in Sources */ = {isa = PBXBuildFile; fileRef = 1E030BE72E912980004AC902 /* SnowStatic.metal */; };
		1E030BEA2E9129E6004AC902 /* BlockGlitch.metal in Sources */ = {isa = PBXBuildFile; fileRef = 1E030BE92E9129E6004AC902 /* BlockGlitch.metal */; };
		1E12D8D32E910D2C001119F6 /* ScreenCapturer.swift in Sources */ = {isa = PBXBuildFile; fileRef = 1E12D8D22E910D2C001119F6 /* ScreenCapturer.swift */; };
		1E359E6F2E8958AC00126BEF /* XtionPluginApp.swift in Sources */ = {isa = PBXBuildFile; fileRef = 1E359E6C2E8958AC00126BEF /* XtionPluginApp.swift */; };
		1E359E702E8958AC00126BEF /* Assets.xcassets in Resources */ = {isa = PBXBuildFile; fileRef = 1E359E6A2E8958AC00126BEF /* Assets.xcassets */; };
		1E359E762E8959BA00126BEF /* KeySpy.swift in Sources */ = {isa = PBXBuildFile; fileRef = 1E359E752E8959BA00126BEF /* KeySpy.swift */; };
		1E359E7A2E8959F600126BEF /* AppDelegate.swift in Sources */ = {isa = PBXBuildFile; fileRef = 1E359E792E8959F600126BEF /* AppDelegate.swift */; };
		1E359E842E895DCE00126BEF /* AudioController.swift in Sources */ = {isa = PBXBuildFile; fileRef = 1E359E832E895DCE00126BEF /* AudioController.swift */; };
		1E3C24272E9C0822003F8B0F /* Clipboard.swift in Sources */ = {isa = PBXBuildFile; fileRef = 1E3C24262E9C0822003F8B0F /* Clipboard.swift */; };
		2B9395BA2EB208A8009964FF /* 11.gif in Resources */ = {isa = PBXBuildFile; fileRef = 2B9395AE2EB208A8009964FF /* 11.gif */; };
		2B9395BB2EB208A8009964FF /* 55.gif in Resources */ = {isa = PBXBuildFile; fileRef = 2B9395B22EB208A8009964FF /* 55.gif */; };
		2B9395BC2EB208A8009964FF /* 33.gif in Resources */ = {isa = PBXBuildFile; fileRef = 2B9395B02EB208A8009964FF /* 33.gif */; };
		2B9395BD2EB208A8009964FF /* 99.gif in Resources */ = {isa = PBXBuildFile; fileRef = 2B9395B62EB208A8009964FF /* 99.gif */; };
		2B9395BE2EB208A8009964FF /* 1010.gif in Resources */ = {isa = PBXBuildFile; fileRef = 2B9395B72EB208A8009964FF /* 1010.gif */; };
		2B9395BF2EB208A8009964FF /* 1111.gif in Resources */ = {isa = PBXBuildFile; fileRef = 2B9395B82EB208A8009964FF /* 1111.gif */; };
		2B9395C02EB208A8009964FF /* 44.gif in Resources */ = {isa = PBXBuildFile; fileRef = 2B9395B12EB208A8009964FF /* 44.gif */; };
		2B9395C12EB208A8009964FF /* 2222.gif in Resources */ = {isa = PBXBuildFile; fileRef = 2B9395B92EB208A8009964FF /* 2222.gif */; };
		2B9395C22EB208A8009964FF /* 77.gif in Resources */ = {isa = PBXBuildFile; fileRef = 2B9395B42EB208A8009964FF /* 77.gif */; };
		2B9395C32EB208A8009964FF /* 66.gif in Resources */ = {isa = PBXBuildFile; fileRef = 2B9395B32EB208A8009964FF /* 66.gif */; };
		2B9395C42EB208A8009964FF /* 22.gif in Resources */ = {isa = PBXBuildFile; fileRef = 2B9395AF2EB208A8009964FF /* 22.gif */; };
		2B9395C52EB208A8009964FF /* 88.gif in Resources */ = {isa = PBXBuildFile; fileRef = 2B9395B52EB208A8009964FF /* 88.gif */; };
		2B9395CC2EB20F58009964FF /* xtion.gif in Resources */ = {isa = PBXBuildFile; fileRef = 2B9395CB2EB20F58009964FF /* xtion.gif */; };
		2B9395CD2EB20F58009964FF /* jieju1.gif in Resources */ = {isa = PBXBuildFile; fileRef = 2B9395C62EB20F58009964FF /* jieju1.gif */; };
		2B9395CE2EB20F58009964FF /* jieju4.gif in Resources */ = {isa = PBXBuildFile; fileRef = 2B9395C92EB20F58009964FF /* jieju4.gif */; };
		2B9395CF2EB20F58009964FF /* jieju2.gif in Resources */ = {isa = PBXBuildFile; fileRef = 2B9395C72EB20F58009964FF /* jieju2.gif */; };
		2B9395D02EB20F58009964FF /* jieju3.gif in Resources */ = {isa = PBXBuildFile; fileRef = 2B9395C82EB20F58009964FF /* jieju3.gif */; };
		2B9395D12EB20F58009964FF /* jieju5.gif in Resources */ = {isa = PBXBuildFile; fileRef = 2B9395CA2EB20F58009964FF /* jieju5.gif */; };
		2B9395D32EB34083009964FF /* xtion.mp4 in Resources */ = {isa = PBXBuildFile; fileRef = 2B9395D22EB34083009964FF /* xtion.mp4 */; };
		2BC6A98C2E95554E00442F65 /* 212.GIF in Resources */ = {isa = PBXBuildFile; fileRef = 2BC6A98B2E95554E00442F65 /* 212.GIF */; };
		2BC6A98E2E95559700442F65 /* halloween.gif in Resources */ = {isa = PBXBuildFile; fileRef = 2BC6A98D2E95559700442F65 /* halloween.gif */; };
		2BC6A9902E9AC52500442F65 /* MusicPlayer.swift in Sources */ = {isa = PBXBuildFile; fileRef = 2BC6A98F2E9AC52500442F65 /* MusicPlayer.swift */; };
		2BC6A9942E9AC78B00442F65 /* 1.mp3 in Resources */ = {isa = PBXBuildFile; fileRef = 2BC6A9912E9AC78B00442F65 /* 1.mp3 */; };
		2BC6A9952E9AC78B00442F65 /* 2.mp3 in Resources */ = {isa = PBXBuildFile; fileRef = 2BC6A9922E9AC78B00442F65 /* 2.mp3 */; };
		2BC6A9972E9C770900442F65 /* Delete.mp3 in Resources */ = {isa = PBXBuildFile; fileRef = 2BC6A9962E9C770900442F65 /* Delete.mp3 */; };
		2BC6A9992E9C770F00442F65 /* Enter.mp3 in Resources */ = {isa = PBXBuildFile; fileRef = 2BC6A9982E9C770F00442F65 /* Enter.mp3 */; };
		2BC6A99B2E9C771500442F65 /* esc.mp3 in Resources */ = {isa = PBXBuildFile; fileRef = 2BC6A99A2E9C771500442F65 /* esc.mp3 */; };
		2BC6A99D2E9C771900442F65 /* mute.mp3 in Resources */ = {isa = PBXBuildFile; fileRef = 2BC6A99C2E9C771900442F65 /* mute.mp3 */; };
		2BC6A9A12EA92BC500442F65 /* RotatingTriggerManager.swift in Sources */ = {isa = PBXBuildFile; fileRef = 2BC6A9A02EA92BC500442F65 /* RotatingTriggerManager.swift */; };
		2BC6A9A32EA92BD400442F65 /* bloodymary.gif in Resources */ = {isa = PBXBuildFile; fileRef = 2BC6A9A22EA92BD400442F65 /* bloodymary.gif */; };
		2BC6A9A52EA92BDB00442F65 /* bonjour.gif in Resources */ = {isa = PBXBuildFile; fileRef = 2BC6A9A42EA92BDB00442F65 /* bonjour.gif */; };
		2BC6A9A72EA92BE000442F65 /* deadman.gif in Resources */ = {isa = PBXBuildFile; fileRef = 2BC6A9A62EA92BE000442F65 /* deadman.gif */; };
/* End PBXBuildFile section */

/* Begin PBXFileReference section */
		1E030BCE2E9118E8004AC902 /* Renderer.swift */ = {isa = PBXFileReference; lastKnownFileType = sourcecode.swift; path = Renderer.swift; sourceTree = "<group>"; };
		1E030BD02E912511004AC902 /* EffectSession.swift */ = {isa = PBXFileReference; lastKnownFileType = sourcecode.swift; path = EffectSession.swift; sourceTree = "<group>"; };
		1E030BD32E912545004AC902 /* Enumerate.swift */ = {isa = PBXFileReference; lastKnownFileType = sourcecode.swift; path = Enumerate.swift; sourceTree = "<group>"; };
		1E030BD52E91256D004AC902 /* EffectManager.swift */ = {isa = PBXFileReference; lastKnownFileType = sourcecode.swift; path = EffectManager.swift; sourceTree = "<group>"; };
		1E030BDF2E91265C004AC902 /* Vertex.metal */ = {isa = PBXFileReference; lastKnownFileType = sourcecode.metal; path = Vertex.metal; sourceTree = "<group>"; };
		1E030BE12E912662004AC902 /* GlitchWave.metal */ = {isa = PBXFileReference; lastKnownFileType = sourcecode.metal; path = GlitchWave.metal; sourceTree = "<group>"; };
		1E030BE32E9126A4004AC902 /* Common.metal */ = {isa = PBXFileReference; lastKnownFileType = sourcecode.metal; path = Common.metal; sourceTree = "<group>"; };
		1E030BE52E9127CE004AC902 /* HeartbeatGlow.metal */ = {isa = PBXFileReference; lastKnownFileType = sourcecode.metal; path = HeartbeatGlow.metal; sourceTree = "<group>"; };
		1E030BE72E912980004AC902 /* SnowStatic.metal */ = {isa = PBXFileReference; lastKnownFileType = sourcecode.metal; path = SnowStatic.metal; sourceTree = "<group>"; };
		1E030BE92E9129E6004AC902 /* BlockGlitch.metal */ = {isa = PBXFileReference; lastKnownFileType = sourcecode.metal; path = BlockGlitch.metal; sourceTree = "<group>"; };
		1E12D8D22E910D2C001119F6 /* ScreenCapturer.swift */ = {isa = PBXFileReference; lastKnownFileType = sourcecode.swift; path = ScreenCapturer.swift; sourceTree = "<group>"; };
		1E359E5C2E89569A00126BEF /* Xtion-plugin.app */ = {isa = PBXFileReference; explicitFileType = wrapper.application; includeInIndex = 0; path = "Xtion-plugin.app"; sourceTree = BUILT_PRODUCTS_DIR; };
		1E359E6A2E8958AC00126BEF /* Assets.xcassets */ = {isa = PBXFileReference; lastKnownFileType = folder.assetcatalog; path = Assets.xcassets; sourceTree = "<group>"; };
		1E359E6C2E8958AC00126BEF /* XtionPluginApp.swift */ = {isa = PBXFileReference; lastKnownFileType = sourcecode.swift; path = XtionPluginApp.swift; sourceTree = "<group>"; };
		1E359E752E8959BA00126BEF /* KeySpy.swift */ = {isa = PBXFileReference; lastKnownFileType = sourcecode.swift; path = KeySpy.swift; sourceTree = "<group>"; };
		1E359E792E8959F600126BEF /* AppDelegate.swift */ = {isa = PBXFileReference; lastKnownFileType = sourcecode.swift; path = AppDelegate.swift; sourceTree = "<group>"; };
		1E359E832E895DCE00126BEF /* AudioController.swift */ = {isa = PBXFileReference; lastKnownFileType = sourcecode.swift; path = AudioController.swift; sourceTree = "<group>"; };
		1E3C24262E9C0822003F8B0F /* Clipboard.swift */ = {isa = PBXFileReference; lastKnownFileType = sourcecode.swift; path = Clipboard.swift; sourceTree = "<group>"; };
		1EA310D32E8ABCB000336263 /* Info.plist */ = {isa = PBXFileReference; lastKnownFileType = text.plist.xml; path = Info.plist; sourceTree = "<group>"; };
		2B9395AE2EB208A8009964FF /* 11.gif */ = {isa = PBXFileReference; lastKnownFileType = image.gif; path = 11.gif; sourceTree = "<group>"; };
		2B9395AF2EB208A8009964FF /* 22.gif */ = {isa = PBXFileReference; lastKnownFileType = image.gif; path = 22.gif; sourceTree = "<group>"; };
		2B9395B02EB208A8009964FF /* 33.gif */ = {isa = PBXFileReference; lastKnownFileType = image.gif; path = 33.gif; sourceTree = "<group>"; };
		2B9395B12EB208A8009964FF /* 44.gif */ = {isa = PBXFileReference; lastKnownFileType = image.gif; path = 44.gif; sourceTree = "<group>"; };
		2B9395B22EB208A8009964FF /* 55.gif */ = {isa = PBXFileReference; lastKnownFileType = image.gif; path = 55.gif; sourceTree = "<group>"; };
		2B9395B32EB208A8009964FF /* 66.gif */ = {isa = PBXFileReference; lastKnownFileType = image.gif; path = 66.gif; sourceTree = "<group>"; };
		2B9395B42EB208A8009964FF /* 77.gif */ = {isa = PBXFileReference; lastKnownFileType = image.gif; path = 77.gif; sourceTree = "<group>"; };
		2B9395B52EB208A8009964FF /* 88.gif */ = {isa = PBXFileReference; lastKnownFileType = image.gif; path = 88.gif; sourceTree = "<group>"; };
		2B9395B62EB208A8009964FF /* 99.gif */ = {isa = PBXFileReference; lastKnownFileType = image.gif; path = 99.gif; sourceTree = "<group>"; };
		2B9395B72EB208A8009964FF /* 1010.gif */ = {isa = PBXFileReference; lastKnownFileType = image.gif; path = 1010.gif; sourceTree = "<group>"; };
		2B9395B82EB208A8009964FF /* 1111.gif */ = {isa = PBXFileReference; lastKnownFileType = image.gif; path = 1111.gif; sourceTree = "<group>"; };
		2B9395B92EB208A8009964FF /* 2222.gif */ = {isa = PBXFileReference; lastKnownFileType = image.gif; path = 2222.gif; sourceTree = "<group>"; };
		2B9395C62EB20F58009964FF /* jieju1.gif */ = {isa = PBXFileReference; lastKnownFileType = image.gif; path = jieju1.gif; sourceTree = "<group>"; };
		2B9395C72EB20F58009964FF /* jieju2.gif */ = {isa = PBXFileReference; lastKnownFileType = image.gif; path = jieju2.gif; sourceTree = "<group>"; };
		2B9395C82EB20F58009964FF /* jieju3.gif */ = {isa = PBXFileReference; lastKnownFileType = image.gif; path = jieju3.gif; sourceTree = "<group>"; };
		2B9395C92EB20F58009964FF /* jieju4.gif */ = {isa = PBXFileReference; lastKnownFileType = image.gif; path = jieju4.gif; sourceTree = "<group>"; };
		2B9395CA2EB20F58009964FF /* jieju5.gif */ = {isa = PBXFileReference; lastKnownFileType = image.gif; path = jieju5.gif; sourceTree = "<group>"; };
		2B9395CB2EB20F58009964FF /* xtion.gif */ = {isa = PBXFileReference; lastKnownFileType = image.gif; path = xtion.gif; sourceTree = "<group>"; };
		2B9395D22EB34083009964FF /* xtion.mp4 */ = {isa = PBXFileReference; lastKnownFileType = file; path = xtion.mp4; sourceTree = "<group>"; };
		2BC6A98B2E95554E00442F65 /* 212.GIF */ = {isa = PBXFileReference; lastKnownFileType = image.gif; path = 212.GIF; sourceTree = "<group>"; };
		2BC6A98D2E95559700442F65 /* halloween.gif */ = {isa = PBXFileReference; lastKnownFileType = image.gif; path = halloween.gif; sourceTree = "<group>"; };
		2BC6A98F2E9AC52500442F65 /* MusicPlayer.swift */ = {isa = PBXFileReference; lastKnownFileType = sourcecode.swift; path = MusicPlayer.swift; sourceTree = "<group>"; };
		2BC6A9912E9AC78B00442F65 /* 1.mp3 */ = {isa = PBXFileReference; lastKnownFileType = audio.mp3; path = 1.mp3; sourceTree = "<group>"; };
		2BC6A9922E9AC78B00442F65 /* 2.mp3 */ = {isa = PBXFileReference; lastKnownFileType = audio.mp3; path = 2.mp3; sourceTree = "<group>"; };
		2BC6A9962E9C770900442F65 /* Delete.mp3 */ = {isa = PBXFileReference; lastKnownFileType = audio.mp3; path = Delete.mp3; sourceTree = "<group>"; };
		2BC6A9982E9C770F00442F65 /* Enter.mp3 */ = {isa = PBXFileReference; lastKnownFileType = audio.mp3; path = Enter.mp3; sourceTree = "<group>"; };
		2BC6A99A2E9C771500442F65 /* esc.mp3 */ = {isa = PBXFileReference; lastKnownFileType = audio.mp3; path = esc.mp3; sourceTree = "<group>"; };
		2BC6A99C2E9C771900442F65 /* mute.mp3 */ = {isa = PBXFileReference; lastKnownFileType = audio.mp3; path = mute.mp3; sourceTree = "<group>"; };
		2BC6A9A02EA92BC500442F65 /* RotatingTriggerManager.swift */ = {isa = PBXFileReference; lastKnownFileType = sourcecode.swift; path = RotatingTriggerManager.swift; sourceTree = "<group>"; };
		2BC6A9A22EA92BD400442F65 /* bloodymary.gif */ = {isa = PBXFileReference; lastKnownFileType = image.gif; path = bloodymary.gif; sourceTree = "<group>"; };
		2BC6A9A42EA92BDB00442F65 /* bonjour.gif */ = {isa = PBXFileReference; lastKnownFileType = image.gif; path = bonjour.gif; sourceTree = "<group>"; };
		2BC6A9A62EA92BE000442F65 /* deadman.gif */ = {isa = PBXFileReference; lastKnownFileType = image.gif; path = deadman.gif; sourceTree = "<group>"; };
/* End PBXFileReference section */

/* Begin PBXFrameworksBuildPhase section */
		1E359E592E89569A00126BEF /* Frameworks */ = {
			isa = PBXFrameworksBuildPhase;
			buildActionMask = 2147483647;
			files = (
			);
			runOnlyForDeploymentPostprocessing = 0;
		};
/* End PBXFrameworksBuildPhase section */

/* Begin PBXGroup section */
		1E030BD22E912536004AC902 /* Model */ = {
			isa = PBXGroup;
			children = (
				1E030BD32E912545004AC902 /* Enumerate.swift */,
			);
			path = Model;
			sourceTree = "<group>";
		};
		1E030BD72E9125BB004AC902 /* EffectShader */ = {
			isa = PBXGroup;
			children = (
				1E030BE32E9126A4004AC902 /* Common.metal */,
				1E030BDF2E91265C004AC902 /* Vertex.metal */,
				1E030BE52E9127CE004AC902 /* HeartbeatGlow.metal */,
				1E030BE72E912980004AC902 /* SnowStatic.metal */,
				1E030BE12E912662004AC902 /* GlitchWave.metal */,
				1E030BE92E9129E6004AC902 /* BlockGlitch.metal */,
			);
			path = EffectShader;
			sourceTree = "<group>";
		};
		1E359E532E89569A00126BEF = {
			isa = PBXGroup;
			children = (
				1E359E6D2E8958AC00126BEF /* Xtion-plugin */,
				1E359E5D2E89569A00126BEF /* Products */,
			);
			sourceTree = "<group>";
		};
		1E359E5D2E89569A00126BEF /* Products */ = {
			isa = PBXGroup;
			children = (
				1E359E5C2E89569A00126BEF /* Xtion-plugin.app */,
			);
			name = Products;
			sourceTree = "<group>";
		};
		1E359E6D2E8958AC00126BEF /* Xtion-plugin */ = {
			isa = PBXGroup;
			children = (
				2BC6A9872E954E0400442F65 /* GIFGroup */,
				1E359E782E8959E400126BEF /* App */,
				1E359E772E8959DA00126BEF /* Module */,
				1E030BD72E9125BB004AC902 /* EffectShader */,
				1E030BD22E912536004AC902 /* Model */,
				2BC6A9932E9AC78B00442F65 /* Music */,
			);
			path = "Xtion-plugin";
			sourceTree = "<group>";
		};
		1E359E772E8959DA00126BEF /* Module */ = {
			isa = PBXGroup;
			children = (
				2BC6A98F2E9AC52500442F65 /* MusicPlayer.swift */,
				1E359E752E8959BA00126BEF /* KeySpy.swift */,
				1E030BD52E91256D004AC902 /* EffectManager.swift */,
				1E030BD02E912511004AC902 /* EffectSession.swift */,
				1E030BCE2E9118E8004AC902 /* Renderer.swift */,
				1E3C24262E9C0822003F8B0F /* Clipboard.swift */,
				1E12D8D22E910D2C001119F6 /* ScreenCapturer.swift */,
				1E359E832E895DCE00126BEF /* AudioController.swift */,
				2BC6A9A02EA92BC500442F65 /* RotatingTriggerManager.swift */,
			);
			path = Module;
			sourceTree = "<group>";
		};
		1E359E782E8959E400126BEF /* App */ = {
			isa = PBXGroup;
			children = (
				1EA310D32E8ABCB000336263 /* Info.plist */,
				1E359E6A2E8958AC00126BEF /* Assets.xcassets */,
				1E359E6C2E8958AC00126BEF /* XtionPluginApp.swift */,
				1E359E792E8959F600126BEF /* AppDelegate.swift */,
			);
			path = App;
			sourceTree = "<group>";
		};
		2BC6A9872E954E0400442F65 /* GIFGroup */ = {
			isa = PBXGroup;
			children = (
				2B9395C62EB20F58009964FF /* jieju1.gif */,
				2B9395C72EB20F58009964FF /* jieju2.gif */,
				2B9395C82EB20F58009964FF /* jieju3.gif */,
				2B9395C92EB20F58009964FF /* jieju4.gif */,
				2B9395CA2EB20F58009964FF /* jieju5.gif */,
				2B9395CB2EB20F58009964FF /* xtion.gif */,
				2BC6A98B2E95554E00442F65 /* 212.GIF */,
				2BC6A98D2E95559700442F65 /* halloween.gif */,
				2BC6A9A22EA92BD400442F65 /* bloodymary.gif */,
				2BC6A9A42EA92BDB00442F65 /* bonjour.gif */,
				2BC6A9A62EA92BE000442F65 /* deadman.gif */,
				2B9395AE2EB208A8009964FF /* 11.gif */,
				2B9395AF2EB208A8009964FF /* 22.gif */,
				2B9395B02EB208A8009964FF /* 33.gif */,
				2B9395B12EB208A8009964FF /* 44.gif */,
				2B9395B22EB208A8009964FF /* 55.gif */,
				2B9395B32EB208A8009964FF /* 66.gif */,
				2B9395B42EB208A8009964FF /* 77.gif */,
				2B9395B52EB208A8009964FF /* 88.gif */,
				2B9395B62EB208A8009964FF /* 99.gif */,
				2B9395B72EB208A8009964FF /* 1010.gif */,
				2B9395B82EB208A8009964FF /* 1111.gif */,
				2B9395B92EB208A8009964FF /* 2222.gif */,
				2B9395D22EB34083009964FF /* xtion.mp4 */,
			);
			path = GIFGroup;
			sourceTree = "<group>";
		};
		2BC6A9932E9AC78B00442F65 /* Music */ = {
			isa = PBXGroup;
			children = (
				2BC6A9912E9AC78B00442F65 /* 1.mp3 */,
				2BC6A9922E9AC78B00442F65 /* 2.mp3 */,
				2BC6A9962E9C770900442F65 /* Delete.mp3 */,
				2BC6A9982E9C770F00442F65 /* Enter.mp3 */,
				2BC6A99A2E9C771500442F65 /* esc.mp3 */,
				2BC6A99C2E9C771900442F65 /* mute.mp3 */,
			);
			path = Music;
			sourceTree = "<group>";
		};
/* End PBXGroup section */

/* Begin PBXNativeTarget section */
		1E359E5B2E89569A00126BEF /* Xtion-plugin */ = {
			isa = PBXNativeTarget;
			buildConfigurationList = 1E359E672E89569D00126BEF /* Build configuration list for PBXNativeTarget "Xtion-plugin" */;
			buildPhases = (
				1E359E582E89569A00126BEF /* Sources */,
				1E359E592E89569A00126BEF /* Frameworks */,
				1E359E5A2E89569A00126BEF /* Resources */,
			);
			buildRules = (
			);
			dependencies = (
			);
			name = "Xtion-plugin";
			packageProductDependencies = (
			);
			productName = "Xtion-plugin";
			productReference = 1E359E5C2E89569A00126BEF /* Xtion-plugin.app */;
			productType = "com.apple.product-type.application";
		};
/* End PBXNativeTarget section */

/* Begin PBXProject section */
		1E359E542E89569A00126BEF /* Project object */ = {
			isa = PBXProject;
			attributes = {
				BuildIndependentTargetsInParallel = 1;
				LastSwiftUpdateCheck = 2600;
				LastUpgradeCheck = 2600;
				TargetAttributes = {
					1E359E5B2E89569A00126BEF = {
						CreatedOnToolsVersion = 26.0.1;
					};
				};
			};
			buildConfigurationList = 1E359E572E89569A00126BEF /* Build configuration list for PBXProject "Xtion-plugin" */;
			developmentRegion = en;
			hasScannedForEncodings = 0;
			knownRegions = (
				en,
				Base,
			);
			mainGroup = 1E359E532E89569A00126BEF;
			minimizedProjectReferenceProxies = 1;
			preferredProjectObjectVersion = 77;
			productRefGroup = 1E359E5D2E89569A00126BEF /* Products */;
			projectDirPath = "";
			projectRoot = "";
			targets = (
				1E359E5B2E89569A00126BEF /* Xtion-plugin */,
			);
		};
/* End PBXProject section */

/* Begin PBXResourcesBuildPhase section */
		1E359E5A2E89569A00126BEF /* Resources */ = {
			isa = PBXResourcesBuildPhase;
			buildActionMask = 2147483647;
			files = (
				2BC6A99B2E9C771500442F65 /* esc.mp3 in Resources */,
				2BC6A99D2E9C771900442F65 /* mute.mp3 in Resources */,
				2BC6A9A32EA92BD400442F65 /* bloodymary.gif in Resources */,
				2B9395BA2EB208A8009964FF /* 11.gif in Resources */,
				2B9395BB2EB208A8009964FF /* 55.gif in Resources */,
				2B9395BC2EB208A8009964FF /* 33.gif in Resources */,
				2B9395D32EB34083009964FF /* xtion.mp4 in Resources */,
				2B9395BD2EB208A8009964FF /* 99.gif in Resources */,
				2B9395BE2EB208A8009964FF /* 1010.gif in Resources */,
				2B9395BF2EB208A8009964FF /* 1111.gif in Resources */,
				2B9395C02EB208A8009964FF /* 44.gif in Resources */,
				2B9395C12EB208A8009964FF /* 2222.gif in Resources */,
				2B9395C22EB208A8009964FF /* 77.gif in Resources */,
				2B9395C32EB208A8009964FF /* 66.gif in Resources */,
				2B9395C42EB208A8009964FF /* 22.gif in Resources */,
				2B9395C52EB208A8009964FF /* 88.gif in Resources */,
				2BC6A98E2E95559700442F65 /* halloween.gif in Resources */,
				2B9395CC2EB20F58009964FF /* xtion.gif in Resources */,
				2B9395CD2EB20F58009964FF /* jieju1.gif in Resources */,
				2B9395CE2EB20F58009964FF /* jieju4.gif in Resources */,
				2B9395CF2EB20F58009964FF /* jieju2.gif in Resources */,
				2B9395D02EB20F58009964FF /* jieju3.gif in Resources */,
				2B9395D12EB20F58009964FF /* jieju5.gif in Resources */,
				2BC6A98C2E95554E00442F65 /* 212.GIF in Resources */,
				2BC6A9A72EA92BE000442F65 /* deadman.gif in Resources */,
				1E359E702E8958AC00126BEF /* Assets.xcassets in Resources */,
				2BC6A9942E9AC78B00442F65 /* 1.mp3 in Resources */,
				2BC6A9992E9C770F00442F65 /* Enter.mp3 in Resources */,
				2BC6A9972E9C770900442F65 /* Delete.mp3 in Resources */,
				2BC6A9A52EA92BDB00442F65 /* bonjour.gif in Resources */,
				2BC6A9952E9AC78B00442F65 /* 2.mp3 in Resources */,
			);
			runOnlyForDeploymentPostprocessing = 0;
		};
/* End PBXResourcesBuildPhase section */

/* Begin PBXSourcesBuildPhase section */
		1E359E582E89569A00126BEF /* Sources */ = {
			isa = PBXSourcesBuildPhase;
			buildActionMask = 2147483647;
			files = (
				1E030BD62E91256D004AC902 /* EffectManager.swift in Sources */,
				1E3C24272E9C0822003F8B0F /* Clipboard.swift in Sources */,
				1E030BCF2E9118E8004AC902 /* Renderer.swift in Sources */,
				1E030BE02E91265C004AC902 /* Vertex.metal in Sources */,
				1E359E842E895DCE00126BEF /* AudioController.swift in Sources */,
				1E359E7A2E8959F600126BEF /* AppDelegate.swift in Sources */,
				1E030BE42E9126A4004AC902 /* Common.metal in Sources */,
				1E030BD12E912511004AC902 /* EffectSession.swift in Sources */,
				1E359E6F2E8958AC00126BEF /* XtionPluginApp.swift in Sources */,
				1E030BE62E9127CE004AC902 /* HeartbeatGlow.metal in Sources */,
				1E359E762E8959BA00126BEF /* KeySpy.swift in Sources */,
				2BC6A9902E9AC52500442F65 /* MusicPlayer.swift in Sources */,
				1E030BE82E912980004AC902 /* SnowStatic.metal in Sources */,
				1E030BE22E912662004AC902 /* GlitchWave.metal in Sources */,
				1E030BEA2E9129E6004AC902 /* BlockGlitch.metal in Sources */,
				1E030BD42E912545004AC902 /* Enumerate.swift in Sources */,
				2BC6A9A12EA92BC500442F65 /* RotatingTriggerManager.swift in Sources */,
				1E12D8D32E910D2C001119F6 /* ScreenCapturer.swift in Sources */,
			);
			runOnlyForDeploymentPostprocessing = 0;
		};
/* End PBXSourcesBuildPhase section */

/* Begin XCBuildConfiguration section */
		1E359E652E89569D00126BEF /* Debug */ = {
			isa = XCBuildConfiguration;
			buildSettings = {
				ALWAYS_SEARCH_USER_PATHS = NO;
				ASSETCATALOG_COMPILER_GENERATE_SWIFT_ASSET_SYMBOL_EXTENSIONS = YES;
				CLANG_ANALYZER_NONNULL = YES;
				CLANG_ANALYZER_NUMBER_OBJECT_CONVERSION = YES_AGGRESSIVE;
				CLANG_CXX_LANGUAGE_STANDARD = "gnu++20";
				CLANG_ENABLE_MODULES = YES;
				CLANG_ENABLE_OBJC_ARC = YES;
				CLANG_ENABLE_OBJC_WEAK = YES;
				CLANG_WARN_BLOCK_CAPTURE_AUTORELEASING = YES;
				CLANG_WARN_BOOL_CONVERSION = YES;
				CLANG_WARN_COMMA = YES;
				CLANG_WARN_CONSTANT_CONVERSION = YES;
				CLANG_WARN_DEPRECATED_OBJC_IMPLEMENTATIONS = YES;
				CLANG_WARN_DIRECT_OBJC_ISA_USAGE = YES_ERROR;
				CLANG_WARN_DOCUMENTATION_COMMENTS = YES;
				CLANG_WARN_EMPTY_BODY = YES;
				CLANG_WARN_ENUM_CONVERSION = YES;
				CLANG_WARN_INFINITE_RECURSION = YES;
				CLANG_WARN_INT_CONVERSION = YES;
				CLANG_WARN_NON_LITERAL_NULL_CONVERSION = YES;
				CLANG_WARN_OBJC_IMPLICIT_RETAIN_SELF = YES;
				CLANG_WARN_OBJC_LITERAL_CONVERSION = YES;
				CLANG_WARN_OBJC_ROOT_CLASS = YES_ERROR;
				CLANG_WARN_QUOTED_INCLUDE_IN_FRAMEWORK_HEADER = YES;
				CLANG_WARN_RANGE_LOOP_ANALYSIS = YES;
				CLANG_WARN_STRICT_PROTOTYPES = YES;
				CLANG_WARN_SUSPICIOUS_MOVE = YES;
				CLANG_WARN_UNGUARDED_AVAILABILITY = YES_AGGRESSIVE;
				CLANG_WARN_UNREACHABLE_CODE = YES;
				CLANG_WARN__DUPLICATE_METHOD_MATCH = YES;
				COPY_PHASE_STRIP = NO;
				DEBUG_INFORMATION_FORMAT = dwarf;
				DEVELOPMENT_TEAM = PAB5H8N268;
				ENABLE_STRICT_OBJC_MSGSEND = YES;
				ENABLE_TESTABILITY = YES;
				ENABLE_USER_SCRIPT_SANDBOXING = YES;
				GCC_C_LANGUAGE_STANDARD = gnu17;
				GCC_DYNAMIC_NO_PIC = NO;
				GCC_NO_COMMON_BLOCKS = YES;
				GCC_OPTIMIZATION_LEVEL = 0;
				GCC_PREPROCESSOR_DEFINITIONS = (
					"DEBUG=1",
					"$(inherited)",
				);
				GCC_WARN_64_TO_32_BIT_CONVERSION = YES;
				GCC_WARN_ABOUT_RETURN_TYPE = YES_ERROR;
				GCC_WARN_UNDECLARED_SELECTOR = YES;
				GCC_WARN_UNINITIALIZED_AUTOS = YES_AGGRESSIVE;
				GCC_WARN_UNUSED_FUNCTION = YES;
				GCC_WARN_UNUSED_VARIABLE = YES;
				LOCALIZATION_PREFERS_STRING_CATALOGS = YES;
				MACOSX_DEPLOYMENT_TARGET = 26.0;
				MTL_ENABLE_DEBUG_INFO = INCLUDE_SOURCE;
				MTL_FAST_MATH = YES;
				ONLY_ACTIVE_ARCH = YES;
				SDKROOT = macosx;
				SWIFT_ACTIVE_COMPILATION_CONDITIONS = "DEBUG $(inherited)";
				SWIFT_OPTIMIZATION_LEVEL = "-Onone";
			};
			name = Debug;
		};
		1E359E662E89569D00126BEF /* Release */ = {
			isa = XCBuildConfiguration;
			buildSettings = {
				ALWAYS_SEARCH_USER_PATHS = NO;
				ASSETCATALOG_COMPILER_GENERATE_SWIFT_ASSET_SYMBOL_EXTENSIONS = YES;
				CLANG_ANALYZER_NONNULL = YES;
				CLANG_ANALYZER_NUMBER_OBJECT_CONVERSION = YES_AGGRESSIVE;
				CLANG_CXX_LANGUAGE_STANDARD = "gnu++20";
				CLANG_ENABLE_MODULES = YES;
				CLANG_ENABLE_OBJC_ARC = YES;
				CLANG_ENABLE_OBJC_WEAK = YES;
				CLANG_WARN_BLOCK_CAPTURE_AUTORELEASING = YES;
				CLANG_WARN_BOOL_CONVERSION = YES;
				CLANG_WARN_COMMA = YES;
				CLANG_WARN_CONSTANT_CONVERSION = YES;
				CLANG_WARN_DEPRECATED_OBJC_IMPLEMENTATIONS = YES;
				CLANG_WARN_DIRECT_OBJC_ISA_USAGE = YES_ERROR;
				CLANG_WARN_DOCUMENTATION_COMMENTS = YES;
				CLANG_WARN_EMPTY_BODY = YES;
				CLANG_WARN_ENUM_CONVERSION = YES;
				CLANG_WARN_INFINITE_RECURSION = YES;
				CLANG_WARN_INT_CONVERSION = YES;
				CLANG_WARN_NON_LITERAL_NULL_CONVERSION = YES;
				CLANG_WARN_OBJC_IMPLICIT_RETAIN_SELF = YES;
				CLANG_WARN_OBJC_LITERAL_CONVERSION = YES;
				CLANG_WARN_OBJC_ROOT_CLASS = YES_ERROR;
				CLANG_WARN_QUOTED_INCLUDE_IN_FRAMEWORK_HEADER = YES;
				CLANG_WARN_RANGE_LOOP_ANALYSIS = YES;
				CLANG_WARN_STRICT_PROTOTYPES = YES;
				CLANG_WARN_SUSPICIOUS_MOVE = YES;
				CLANG_WARN_UNGUARDED_AVAILABILITY = YES_AGGRESSIVE;
				CLANG_WARN_UNREACHABLE_CODE = YES;
				CLANG_WARN__DUPLICATE_METHOD_MATCH = YES;
				COPY_PHASE_STRIP = NO;
				DEBUG_INFORMATION_FORMAT = "dwarf-with-dsym";
				DEVELOPMENT_TEAM = PAB5H8N268;
				ENABLE_NS_ASSERTIONS = NO;
				ENABLE_STRICT_OBJC_MSGSEND = YES;
				ENABLE_USER_SCRIPT_SANDBOXING = YES;
				GCC_C_LANGUAGE_STANDARD = gnu17;
				GCC_NO_COMMON_BLOCKS = YES;
				GCC_WARN_64_TO_32_BIT_CONVERSION = YES;
				GCC_WARN_ABOUT_RETURN_TYPE = YES_ERROR;
				GCC_WARN_UNDECLARED_SELECTOR = YES;
				GCC_WARN_UNINITIALIZED_AUTOS = YES_AGGRESSIVE;
				GCC_WARN_UNUSED_FUNCTION = YES;
				GCC_WARN_UNUSED_VARIABLE = YES;
				LOCALIZATION_PREFERS_STRING_CATALOGS = YES;
				MACOSX_DEPLOYMENT_TARGET = 26.0;
				MTL_ENABLE_DEBUG_INFO = NO;
				MTL_FAST_MATH = YES;
				SDKROOT = macosx;
				SWIFT_COMPILATION_MODE = wholemodule;
			};
			name = Release;
		};
		1E359E682E89569D00126BEF /* Debug */ = {
			isa = XCBuildConfiguration;
			buildSettings = {
				ASSETCATALOG_COMPILER_APPICON_NAME = AppIcon;
				ASSETCATALOG_COMPILER_GLOBAL_ACCENT_COLOR_NAME = AccentColor;
				CODE_SIGN_STYLE = Automatic;
				COMBINE_HIDPI_IMAGES = YES;
				CURRENT_PROJECT_VERSION = 1;
				DEVELOPMENT_TEAM = N9DDMY3PQ3;
				ENABLE_APP_SANDBOX = YES;
				ENABLE_HARDENED_RUNTIME = YES;
				ENABLE_PREVIEWS = YES;
				ENABLE_USER_SELECTED_FILES = readonly;
				GENERATE_INFOPLIST_FILE = YES;
				INFOPLIST_FILE = "Xtion-plugin/App/Info.plist";
				INFOPLIST_KEY_NSHumanReadableCopyright = "";
				LD_RUNPATH_SEARCH_PATHS = (
					"$(inherited)",
					"@executable_path/../Frameworks",
				);
				MARKETING_VERSION = 1.0;
				PRODUCT_BUNDLE_IDENTIFIER = "com.gh.Xtion-plugin";
				PRODUCT_NAME = "$(TARGET_NAME)";
				REGISTER_APP_GROUPS = YES;
				STRING_CATALOG_GENERATE_SYMBOLS = YES;
				SWIFT_APPROACHABLE_CONCURRENCY = YES;
				SWIFT_DEFAULT_ACTOR_ISOLATION = MainActor;
				SWIFT_EMIT_LOC_STRINGS = YES;
				SWIFT_UPCOMING_FEATURE_MEMBER_IMPORT_VISIBILITY = YES;
				SWIFT_VERSION = 5.0;
			};
			name = Debug;
		};
		1E359E692E89569D00126BEF /* Release */ = {
			isa = XCBuildConfiguration;
			buildSettings = {
				ASSETCATALOG_COMPILER_APPICON_NAME = AppIcon;
				ASSETCATALOG_COMPILER_GLOBAL_ACCENT_COLOR_NAME = AccentColor;
				CODE_SIGN_STYLE = Automatic;
				COMBINE_HIDPI_IMAGES = YES;
				CURRENT_PROJECT_VERSION = 1;
				DEVELOPMENT_TEAM = N9DDMY3PQ3;
				ENABLE_APP_SANDBOX = YES;
				ENABLE_HARDENED_RUNTIME = YES;
				ENABLE_PREVIEWS = YES;
				ENABLE_USER_SELECTED_FILES = readonly;
				GENERATE_INFOPLIST_FILE = YES;
				INFOPLIST_FILE = "Xtion-plugin/App/Info.plist";
				INFOPLIST_KEY_NSHumanReadableCopyright = "";
				LD_RUNPATH_SEARCH_PATHS = (
					"$(inherited)",
					"@executable_path/../Frameworks",
				);
				MARKETING_VERSION = 1.0;
				PRODUCT_BUNDLE_IDENTIFIER = "com.gh.Xtion-plugin";
				PRODUCT_NAME = "$(TARGET_NAME)";
				REGISTER_APP_GROUPS = YES;
				STRING_CATALOG_GENERATE_SYMBOLS = YES;
				SWIFT_APPROACHABLE_CONCURRENCY = YES;
				SWIFT_DEFAULT_ACTOR_ISOLATION = MainActor;
				SWIFT_EMIT_LOC_STRINGS = YES;
				SWIFT_UPCOMING_FEATURE_MEMBER_IMPORT_VISIBILITY = YES;
				SWIFT_VERSION = 5.0;
			};
			name = Release;
		};
/* End XCBuildConfiguration section */

/* Begin XCConfigurationList section */
		1E359E572E89569A00126BEF /* Build configuration list for PBXProject "Xtion-plugin" */ = {
			isa = XCConfigurationList;
			buildConfigurations = (
				1E359E652E89569D00126BEF /* Debug */,
				1E359E662E89569D00126BEF /* Release */,
			);
			defaultConfigurationIsVisible = 0;
			defaultConfigurationName = Release;
		};
		1E359E672E89569D00126BEF /* Build configuration list for PBXNativeTarget "Xtion-plugin" */ = {
			isa = XCConfigurationList;
			buildConfigurations = (
				1E359E682E89569D00126BEF /* Debug */,
				1E359E692E89569D00126BEF /* Release */,
			);
			defaultConfigurationIsVisible = 0;
			defaultConfigurationName = Release;
		};
/* End XCConfigurationList section */
	};
	rootObject = 1E359E542E89569A00126BEF /* Project object */;
}
